
Microsoft Visual Studio Solution File, Format Version 12.00
# Visual Studio Version 17
VisualStudioVersion = 17.9.34728.123
MinimumVisualStudioVersion = 10.0.40219.1
Project("{9A19103F-16F7-4668-BE54-9A1E7A4F7556}") = "gRPCTemplate.gRPC", "gRPCTemplate.gRPC\gRPCTemplate.gRPC.csproj", "{45616D8C-C356-424E-BC9B-F9B4D925B6F4}"
EndProject
Project("{2150E333-8FDC-42A3-9474-1A3956D46DE8}") = "1. Api", "1. Api", "{6245ED50-F704-4BE1-ADDE-E1AD3A41DBF4}"
EndProject
Project("{2150E333-8FDC-42A3-9474-1A3956D46DE8}") = "2. Application", "2. Application", "{6E1D0ACE-C1F4-47CD-844D-602FE8FD0A51}"
EndProject
Project("{2150E333-8FDC-42A3-9474-1A3956D46DE8}") = "3. Domain", "3. Domain", "{0B28FC05-CA70-4D7B-8C07-6E6046B613EA}"
EndProject
Project("{2150E333-8FDC-42A3-9474-1A3956D46DE8}") = "4. Infra", "4. Infra", "{5ADBF048-8C8C-4F02-856F-22951C9C3C05}"
EndProject
Project("{FAE04EC0-301F-11D3-BF4B-00C04F79EFBC}") = "gRPCTemplate.Context", "gRPCTemplate.Context\gRPCTemplate.Context.csproj", "{DE35FA79-BCE3-4B29-A73D-B7CDD6861D8B}"
EndProject
Project("{FAE04EC0-301F-11D3-BF4B-00C04F79EFBC}") = "gRPCTemplate.Domain", "gRPCTemplate.Domain\gRPCTemplate.Domain.csproj", "{1C9AA6B5-57C5-4905-8A45-CE5578632EFE}"
EndProject
Project("{FAE04EC0-301F-11D3-BF4B-00C04F79EFBC}") = "gRPCTemplate.IoC", "gRPCTemplate.IoC\gRPCTemplate.IoC.csproj", "{40425BDE-E8C6-4185-B379-63EE7BEA3F6A}"
EndProject
Project("{FAE04EC0-301F-11D3-BF4B-00C04F79EFBC}") = "gRPCTemplate.Application", "gRPCTemplate.Application\gRPCTemplate.Application.csproj", "{CADEB0BB-44A3-46F6-B4EB-0A1074EF6DB1}"
EndProject
Global
	GlobalSection(SolutionConfigurationPlatforms) = preSolution
		Debug|Any CPU = Debug|Any CPU
		Release|Any CPU = Release|Any CPU
	EndGlobalSection
	GlobalSection(ProjectConfigurationPlatforms) = postSolution
		{45616D8C-C356-424E-BC9B-F9B4D925B6F4}.Debug|Any CPU.ActiveCfg = Debug|Any CPU
		{45616D8C-C356-424E-BC9B-F9B4D925B6F4}.Debug|Any CPU.Build.0 = Debug|Any CPU
		{45616D8C-C356-424E-BC9B-F9B4D925B6F4}.Release|Any CPU.ActiveCfg = Release|Any CPU
		{45616D8C-C356-424E-BC9B-F9B4D925B6F4}.Release|Any CPU.Build.0 = Release|Any CPU
		{DE35FA79-BCE3-4B29-A73D-B7CDD6861D8B}.Debug|Any CPU.ActiveCfg = Debug|Any CPU
		{DE35FA79-BCE3-4B29-A73D-B7CDD6861D8B}.Debug|Any CPU.Build.0 = Debug|Any CPU
		{DE35FA79-BCE3-4B29-A73D-B7CDD6861D8B}.Release|Any CPU.ActiveCfg = Release|Any CPU
		{DE35FA79-BCE3-4B29-A73D-B7CDD6861D8B}.Release|Any CPU.Build.0 = Release|Any CPU
		{1C9AA6B5-57C5-4905-8A45-CE5578632EFE}.Debug|Any CPU.ActiveCfg = Debug|Any CPU
		{1C9AA6B5-57C5-4905-8A45-CE5578632EFE}.Debug|Any CPU.Build.0 = Debug|Any CPU
		{1C9AA6B5-57C5-4905-8A45-CE5578632EFE}.Release|Any CPU.ActiveCfg = Release|Any CPU
		{1C9AA6B5-57C5-4905-8A45-CE5578632EFE}.Release|Any CPU.Build.0 = Release|Any CPU
		{40425BDE-E8C6-4185-B379-63EE7BEA3F6A}.Debug|Any CPU.ActiveCfg = Debug|Any CPU
		{40425BDE-E8C6-4185-B379-63EE7BEA3F6A}.Debug|Any CPU.Build.0 = Debug|Any CPU
		{40425BDE-E8C6-4185-B379-63EE7BEA3F6A}.Release|Any CPU.ActiveCfg = Release|Any CPU
		{40425BDE-E8C6-4185-B379-63EE7BEA3F6A}.Release|Any CPU.Build.0 = Release|Any CPU
		{CADEB0BB-44A3-46F6-B4EB-0A1074EF6DB1}.Debug|Any CPU.ActiveCfg = Debug|Any CPU
		{CADEB0BB-44A3-46F6-B4EB-0A1074EF6DB1}.Debug|Any CPU.Build.0 = Debug|Any CPU
		{CADEB0BB-44A3-46F6-B4EB-0A1074EF6DB1}.Release|Any CPU.ActiveCfg = Release|Any CPU
		{CADEB0BB-44A3-46F6-B4EB-0A1074EF6DB1}.Release|Any CPU.Build.0 = Release|Any CPU
	EndGlobalSection
	GlobalSection(SolutionProperties) = preSolution
		HideSolutionNode = FALSE
	EndGlobalSection
	GlobalSection(NestedProjects) = preSolution
		{45616D8C-C356-424E-BC9B-F9B4D925B6F4} = {6245ED50-F704-4BE1-ADDE-E1AD3A41DBF4}
		{DE35FA79-BCE3-4B29-A73D-B7CDD6861D8B} = {5ADBF048-8C8C-4F02-856F-22951C9C3C05}
		{1C9AA6B5-57C5-4905-8A45-CE5578632EFE} = {0B28FC05-CA70-4D7B-8C07-6E6046B613EA}
		{40425BDE-E8C6-4185-B379-63EE7BEA3F6A} = {5ADBF048-8C8C-4F02-856F-22951C9C3C05}
		{CADEB0BB-44A3-46F6-B4EB-0A1074EF6DB1} = {6E1D0ACE-C1F4-47CD-844D-602FE8FD0A51}
	EndGlobalSection
	GlobalSection(ExtensibilityGlobals) = postSolution
		SolutionGuid = {318F0306-85D2-47CB-86BB-77F24225E686}
	EndGlobalSection
EndGlobal
